// !$*UTF8*$!
{
	archiveVersion = 1;
	classes = {
	};
	objectVersion = 46;
	objects = {

/* Begin PBXBuildFile section */
		803549281DE0E50000DCDEBD /* AppDelegate.swift in Sources */ = {isa = PBXBuildFile; fileRef = 803549271DE0E50000DCDEBD /* AppDelegate.swift */; };
		8035492A1DE0E50000DCDEBD /* ViewController.swift in Sources */ = {isa = PBXBuildFile; fileRef = 803549291DE0E50000DCDEBD /* ViewController.swift */; };
		8035492D1DE0E50000DCDEBD /* Main.storyboard in Resources */ = {isa = PBXBuildFile; fileRef = 8035492B1DE0E50000DCDEBD /* Main.storyboard */; };
		8035492F1DE0E50000DCDEBD /* Assets.xcassets in Resources */ = {isa = PBXBuildFile; fileRef = 8035492E1DE0E50000DCDEBD /* Assets.xcassets */; };
		803549321DE0E50000DCDEBD /* LaunchScreen.storyboard in Resources */ = {isa = PBXBuildFile; fileRef = 803549301DE0E50000DCDEBD /* LaunchScreen.storyboard */; };
/* End PBXBuildFile section */

/* Begin PBXFileReference section */
		803549241DE0E50000DCDEBD /* OnCall Trucker.app */ = {isa = PBXFileReference; explicitFileType = wrapper.application; includeInIndex = 0; path = "OnCall Trucker.app"; sourceTree = BUILT_PRODUCTS_DIR; };
		803549271DE0E50000DCDEBD /* AppDelegate.swift */ = {isa = PBXFileReference; lastKnownFileType = sourcecode.swift; path = AppDelegate.swift; sourceTree = "<group>"; };
		803549291DE0E50000DCDEBD /* ViewController.swift */ = {isa = PBXFileReference; lastKnownFileType = sourcecode.swift; path = ViewController.swift; sourceTree = "<group>"; };
		8035492C1DE0E50000DCDEBD /* Base */ = {isa = PBXFileReference; lastKnownFileType = file.storyboard; name = Base; path = Base.lproj/Main.storyboard; sourceTree = "<group>"; };
		8035492E1DE0E50000DCDEBD /* Assets.xcassets */ = {isa = PBXFileReference; lastKnownFileType = folder.assetcatalog; path = Assets.xcassets; sourceTree = "<group>"; };
		803549311DE0E50000DCDEBD /* Base */ = {isa = PBXFileReference; lastKnownFileType = file.storyboard; name = Base; path = Base.lproj/LaunchScreen.storyboard; sourceTree = "<group>"; };
		803549331DE0E50000DCDEBD /* Info.plist */ = {isa = PBXFileReference; lastKnownFileType = text.plist.xml; path = Info.plist; sourceTree = "<group>"; };
/* End PBXFileReference section */

/* Begin PBXFrameworksBuildPhase section */
		803549211DE0E4FF00DCDEBD /* Frameworks */ = {
			isa = PBXFrameworksBuildPhase;
			buildActionMask = 2147483647;
			files = (
			);
			runOnlyForDeploymentPostprocessing = 0;
		};
/* End PBXFrameworksBuildPhase section */

/* Begin PBXGroup section */
		8035491B1DE0E4FF00DCDEBD = {
			isa = PBXGroup;
			children = (
				803549261DE0E50000DCDEBD /* OnCall Trucker */,
				803549251DE0E50000DCDEBD /* Products */,
			);
			sourceTree = "<group>";
		};
		803549251DE0E50000DCDEBD /* Products */ = {
			isa = PBXGroup;
			children = (
				803549241DE0E50000DCDEBD /* OnCall Trucker.app */,
			);
			name = Products;
			sourceTree = "<group>";
		};
		803549261DE0E50000DCDEBD /* OnCall Trucker */ = {
			isa = PBXGroup;
			children = (
				803549271DE0E50000DCDEBD /* AppDelegate.swift */,
				803549291DE0E50000DCDEBD /* ViewController.swift */,
				8035492B1DE0E50000DCDEBD /* Main.storyboard */,
				8035492E1DE0E50000DCDEBD /* Assets.xcassets */,
				803549301DE0E50000DCDEBD /* LaunchScreen.storyboard */,
				803549331DE0E50000DCDEBD /* Info.plist */,
			);
			path = "OnCall Trucker";
			sourceTree = "<group>";
		};
/* End PBXGroup section */

/* Begin PBXNativeTarget section */
		803549231DE0E4FF00DCDEBD /* OnCall Trucker */ = {
			isa = PBXNativeTarget;
			buildConfigurationList = 803549361DE0E50000DCDEBD /* Build configuration list for PBXNativeTarget "OnCall Trucker" */;
			buildPhases = (
				803549201DE0E4FF00DCDEBD /* Sources */,
				803549211DE0E4FF00DCDEBD /* Frameworks */,
				803549221DE0E4FF00DCDEBD /* Resources */,
			);
			buildRules = (
			);
			dependencies = (
			);
			name = "OnCall Trucker";
			productName = "OnCall Trucker";
			productReference = 803549241DE0E50000DCDEBD /* OnCall Trucker.app */;
			productType = "com.apple.product-type.application";
		};
/* End PBXNativeTarget section */

/* Begin PBXProject section */
		8035491C1DE0E4FF00DCDEBD /* Project object */ = {
			isa = PBXProject;
			attributes = {
				LastSwiftUpdateCheck = 0810;
				LastUpgradeCheck = 0810;
				ORGANIZATIONNAME = "Stiven Deleur";
				TargetAttributes = {
					803549231DE0E4FF00DCDEBD = {
						CreatedOnToolsVersion = 8.1;
						DevelopmentTeam = JP6WHVYWBA;
						ProvisioningStyle = Automatic;
					};
				};
			};
			buildConfigurationList = 8035491F1DE0E4FF00DCDEBD /* Build configuration list for PBXProject "OnCall Trucker" */;
			compatibilityVersion = "Xcode 3.2";
			developmentRegion = English;
			hasScannedForEncodings = 0;
			knownRegions = (
				en,
				Base,
			);
			mainGroup = 8035491B1DE0E4FF00DCDEBD;
			productRefGroup = 803549251DE0E50000DCDEBD /* Products */;
			projectDirPath = "";
			projectRoot = "";
			targets = (
				803549231DE0E4FF00DCDEBD /* OnCall Trucker */,
			);
		};
/* End PBXProject section */

/* Begin PBXResourcesBuildPhase section */
		803549221DE0E4FF00DCDEBD /* Resources */ = {
			isa = PBXResourcesBuildPhase;
			buildActionMask = 2147483647;
			files = (
				803549321DE0E50000DCDEBD /* LaunchScreen.storyboard in Resources */,
				8035492F1DE0E50000DCDEBD /* Assets.xcassets in Resources */,
				8035492D1DE0E50000DCDEBD /* Main.storyboard in Resources */,
			);
			runOnlyForDeploymentPostprocessing = 0;
		};
/* End PBXResourcesBuildPhase section */

/* Begin PBXSourcesBuildPhase section */
		803549201DE0E4FF00DCDEBD /* Sources */ = {
			isa = PBXSourcesBuildPhase;
			buildActionMask = 2147483647;
			files = (
				8035492A1DE0E50000DCDEBD /* ViewController.swift in Sources */,
				803549281DE0E50000DCDEBD /* AppDelegate.swift in Sources */,
			);
			runOnlyForDeploymentPostprocessing = 0;
		};
/* End PBXSourcesBuildPhase section */

/* Begin PBXVariantGroup section */
		8035492B1DE0E50000DCDEBD /* Main.storyboard */ = {
			isa = PBXVariantGroup;
			children = (
				8035492C1DE0E50000DCDEBD /* Base */,
			);
			name = Main.storyboard;
			sourceTree = "<group>";
		};
		803549301DE0E50000DCDEBD /* LaunchScreen.storyboard */ = {
			isa = PBXVariantGroup;
			children = (
				803549311DE0E50000DCDEBD /* Base */,
			);
			name = LaunchScreen.storyboard;
			sourceTree = "<group>";
		};
/* End PBXVariantGroup section */

/* Begin XCBuildConfiguration section */
		803549341DE0E50000DCDEBD /* Debug */ = {
			isa = XCBuildConfiguration;
			buildSettings = {
				ALWAYS_SEARCH_USER_PATHS = NO;
				CLANG_ANALYZER_NONNULL = YES;
				CLANG_CXX_LANGUAGE_STANDARD = "gnu++0x";
				CLANG_CXX_LIBRARY = "libc++";
				CLANG_ENABLE_MODULES = YES;
				CLANG_ENABLE_OBJC_ARC = YES;
				CLANG_WARN_BOOL_CONVERSION = YES;
				CLANG_WARN_CONSTANT_CONVERSION = YES;
				CLANG_WARN_DIRECT_OBJC_ISA_USAGE = YES_ERROR;
				CLANG_WARN_DOCUMENTATION_COMMENTS = YES;
				CLANG_WARN_EMPTY_BODY = YES;
				CLANG_WARN_ENUM_CONVERSION = YES;
				CLANG_WARN_INFINITE_RECURSION = YES;
				CLANG_WARN_INT_CONVERSION = YES;
				CLANG_WARN_OBJC_ROOT_CLASS = YES_ERROR;
				CLANG_WARN_SUSPICIOUS_MOVES = YES;
				CLANG_WARN_UNREACHABLE_CODE = YES;
				CLANG_WARN__DUPLICATE_METHOD_MATCH = YES;
				"CODE_SIGN_IDENTITY[sdk=iphoneos*]" = "iPhone Developer";
				COPY_PHASE_STRIP = NO;
				DEBUG_INFORMATION_FORMAT = dwarf;
				ENABLE_STRICT_OBJC_MSGSEND = YES;
				ENABLE_TESTABILITY = YES;
				GCC_C_LANGUAGE_STANDARD = gnu99;
				GCC_DYNAMIC_NO_PIC = NO;
				GCC_NO_COMMON_BLOCKS = YES;
				GCC_OPTIMIZATION_LEVEL = 0;
				GCC_PREPROCESSOR_DEFINITIONS = (
					"DEBUG=1",
					"$(inherited)",
				);
				GCC_WARN_64_TO_32_BIT_CONVERSION = YES;
				GCC_WARN_ABOUT_RETURN_TYPE = YES_ERROR;
				GCC_WARN_UNDECLARED_SELECTOR = YES;
				GCC_WARN_UNINITIALIZED_AUTOS = YES_AGGRESSIVE;
				GCC_WARN_UNUSED_FUNCTION = YES;
				GCC_WARN_UNUSED_VARIABLE = YES;
				IPHONEOS_DEPLOYMENT_TARGET = 10.1;
				MTL_ENABLE_DEBUG_INFO = YES;
				ONLY_ACTIVE_ARCH = YES;
				SDKROOT = iphoneos;
				SWIFT_ACTIVE_COMPILATION_CONDITIONS = DEBUG;
				SWIFT_OPTIMIZATION_LEVEL = "-Onone";
				TARGETED_DEVICE_FAMILY = "1,2";
			};
			name = Debug;
		};
		803549351DE0E50000DCDEBD /* Release */ = {
			isa = XCBuildConfiguration;
			buildSettings = {
				ALWAYS_SEARCH_USER_PATHS = NO;
				CLANG_ANALYZER_NONNULL = YES;
				CLANG_CXX_LANGUAGE_STANDARD = "gnu++0x";
				CLANG_CXX_LIBRARY = "libc++";
				CLANG_ENABLE_MODULES = YES;
				CLANG_ENABLE_OBJC_ARC = YES;
				CLANG_WARN_BOOL_CONVERSION = YES;
				CLANG_WARN_CONSTANT_CONVERSION = YES;
				CLANG_WARN_DIRECT_OBJC_ISA_USAGE = YES_ERROR;
				CLANG_WARN_DOCUMENTATION_COMMENTS = YES;
				CLANG_WARN_EMPTY_BODY = YES;
				CLANG_WARN_ENUM_CONVERSION = YES;
				CLANG_WARN_INFINITE_RECURSION = YES;
				CLANG_WARN_INT_CONVERSION = YES;
				CLANG_WARN_OBJC_ROOT_CLASS = YES_ERROR;
				CLANG_WARN_SUSPICIOUS_MOVES = YES;
				CLANG_WARN_UNREACHABLE_CODE = YES;
				CLANG_WARN__DUPLICATE_METHOD_MATCH = YES;
				"CODE_SIGN_IDENTITY[sdk=iphoneos*]" = "iPhone Developer";
				COPY_PHASE_STRIP = NO;
				DEBUG_INFORMATION_FORMAT = "dwarf-with-dsym";
				ENABLE_NS_ASSERTIONS = NO;
				ENABLE_STRICT_OBJC_MSGSEND = YES;
				GCC_C_LANGUAGE_STANDARD = gnu99;
				GCC_NO_COMMON_BLOCKS = YES;
				GCC_WARN_64_TO_32_BIT_CONVERSION = YES;
				GCC_WARN_ABOUT_RETURN_TYPE = YES_ERROR;
				GCC_WARN_UNDECLARED_SELECTOR = YES;
				GCC_WARN_UNINITIALIZED_AUTOS = YES_AGGRESSIVE;
				GCC_WARN_UNUSED_FUNCTION = YES;
				GCC_WARN_UNUSED_VARIABLE = YES;
				IPHONEOS_DEPLOYMENT_TARGET = 10.1;
				MTL_ENABLE_DEBUG_INFO = NO;
				SDKROOT = iphoneos;
				SWIFT_OPTIMIZATION_LEVEL = "-Owholemodule";
				TARGETED_DEVICE_FAMILY = "1,2";
				VALIDATE_PRODUCT = YES;
			};
			name = Release;
		};
		803549371DE0E50000DCDEBD /* Debug */ = {
			isa = XCBuildConfiguration;
			buildSettings = {
				ASSETCATALOG_COMPILER_APPICON_NAME = AppIcon;
				DEVELOPMENT_TEAM = JP6WHVYWBA;
				INFOPLIST_FILE = "OnCall Trucker/Info.plist";
				LD_RUNPATH_SEARCH_PATHS = "$(inherited) @executable_path/Frameworks";
				PRODUCT_BUNDLE_IDENTIFIER = "com.deleurapps.OnCall-Trucker";
				PRODUCT_NAME = "$(TARGET_NAME)";
				SWIFT_VERSION = 3.0;
			};
			name = Debug;
		};
		803549381DE0E50000DCDEBD /* Release */ = {
			isa = XCBuildConfiguration;
			buildSettings = {
				ASSETCATALOG_COMPILER_APPICON_NAME = AppIcon;
				DEVELOPMENT_TEAM = JP6WHVYWBA;
				INFOPLIST_FILE = "OnCall Trucker/Info.plist";
				LD_RUNPATH_SEARCH_PATHS = "$(inherited) @executable_path/Frameworks";
				PRODUCT_BUNDLE_IDENTIFIER = "com.deleurapps.OnCall-Trucker";
				PRODUCT_NAME = "$(TARGET_NAME)";
				SWIFT_VERSION = 3.0;
			};
			name = Release;
		};
/* End XCBuildConfiguration section */

/* Begin XCConfigurationList section */
		8035491F1DE0E4FF00DCDEBD /* Build configuration list for PBXProject "OnCall Trucker" */ = {
			isa = XCConfigurationList;
			buildConfigurations = (
				803549341DE0E50000DCDEBD /* Debug */,
				803549351DE0E50000DCDEBD /* Release */,
			);
			defaultConfigurationIsVisible = 0;
			defaultConfigurationName = Release;
		};
		803549361DE0E50000DCDEBD /* Build configuration list for PBXNativeTarget "OnCall Trucker" */ = {
			isa = XCConfigurationList;
			buildConfigurations = (
				803549371DE0E50000DCDEBD /* Debug */,
				803549381DE0E50000DCDEBD /* Release */,
			);
			defaultConfigurationIsVisible = 0;
		};
/* End XCConfigurationList section */
	};
	rootObject = 8035491C1DE0E4FF00DCDEBD /* Project object */;
}
